{
  "name": "http-server",
  "version": "1.0.0",
  "lockfileVersion": 2,
  "requires": true,
  "packages": {
    "": {
      "version": "1.0.0",
      "license": "ISC",
      "dependencies": {
        "get-port": "^6.1.2",
        "http": "^0.0.1-security"
      }
    },
    "node_modules/get-port": {
      "version": "6.1.2",
      "resolved": "https://registry.npmjs.org/get-port/-/get-port-6.1.2.tgz",
      "integrity": "sha512-BrGGraKm2uPqurfGVj/z97/zv8dPleC6x9JBNRTrDNtCkkRF4rPwrQXFgL7+I+q8QSdU4ntLQX2D7KIxSy8nGw==",
      "engines": {
        "node": "^12.20.0 || ^14.13.1 || >=16.0.0"
      },
      "funding": {
        "url": "https://github.com/sponsors/sindresorhus"
      }
    },
    "node_modules/http": {
      "version": "0.0.1-security",
      "resolved": "https://registry.npmjs.org/http/-/http-0.0.1-security.tgz",
      "integrity": "sha512-RnDvP10Ty9FxqOtPZuxtebw1j4L/WiqNMDtuc1YMH1XQm5TgDRaR1G9u8upL6KD1bXHSp9eSXo/ED+8Q7FAr+g=="
    }
  },
  "dependencies": {
    "http": {
      "version": "0.0.1-security",
      "resolved": "https://registry.npmjs.org/http/-/http-0.0.1-security.tgz",
      "integrity": "sha512-RnDvP10Ty9FxqOtPZuxtebw1j4L/WiqNMDtuc1YMH1XQm5TgDRaR1G9u8upL6KD1bXHSp9eSXo/ED+8Q7FAr+g=="
    }
  }
}
